// !$*UTF8*$!
{
	archiveVersion = 1;
	classes = {
	};
	objectVersion = 56;
	objects = {

/* Begin PBXBuildFile section */
		0B03B8A72C811DB3005BE45F /* iOS_Backup_ExtractorApp.swift in Sources */ = {isa = PBXBuildFile; fileRef = 0B03B8A62C811DB3005BE45F /* iOS_Backup_ExtractorApp.swift */; };
		0B03B8A92C811DB3005BE45F /* ContentView.swift in Sources */ = {isa = PBXBuildFile; fileRef = 0B03B8A82C811DB3005BE45F /* ContentView.swift */; };
		0B03B8AB2C811DB5005BE45F /* Assets.xcassets in Resources */ = {isa = PBXBuildFile; fileRef = 0B03B8AA2C811DB5005BE45F /* Assets.xcassets */; };
		0B03B8AE2C811DB5005BE45F /* Preview Assets.xcassets in Resources */ = {isa = PBXBuildFile; fileRef = 0B03B8AD2C811DB5005BE45F /* Preview Assets.xcassets */; };
		0B03B8B92C811DB6005BE45F /* iOS_Backup_ExtractorTests.swift in Sources */ = {isa = PBXBuildFile; fileRef = 0B03B8B82C811DB6005BE45F /* iOS_Backup_ExtractorTests.swift */; };
		0B03B8C32C811DB6005BE45F /* iOS_Backup_ExtractorUITests.swift in Sources */ = {isa = PBXBuildFile; fileRef = 0B03B8C22C811DB6005BE45F /* iOS_Backup_ExtractorUITests.swift */; };
		0B03B8C52C811DB6005BE45F /* iOS_Backup_ExtractorUITestsLaunchTests.swift in Sources */ = {isa = PBXBuildFile; fileRef = 0B03B8C42C811DB6005BE45F /* iOS_Backup_ExtractorUITestsLaunchTests.swift */; };
/* End PBXBuildFile section */

/* Begin PBXContainerItemProxy section */
		0B03B8B52C811DB6005BE45F /* PBXContainerItemProxy */ = {
			isa = PBXContainerItemProxy;
			containerPortal = 0B03B89B2C811DB2005BE45F /* Project object */;
			proxyType = 1;
			remoteGlobalIDString = 0B03B8A22C811DB3005BE45F;
			remoteInfo = "iOS Backup Extractor";
		};
		0B03B8BF2C811DB6005BE45F /* PBXContainerItemProxy */ = {
			isa = PBXContainerItemProxy;
			containerPortal = 0B03B89B2C811DB2005BE45F /* Project object */;
			proxyType = 1;
			remoteGlobalIDString = 0B03B8A22C811DB3005BE45F;
			remoteInfo = "iOS Backup Extractor";
		};
/* End PBXContainerItemProxy section */

/* Begin PBXFileReference section */
		0B03B8A32C811DB3005BE45F /* iOS Backup Extractor.app */ = {isa = PBXFileReference; explicitFileType = wrapper.application; includeInIndex = 0; path = "iOS Backup Extractor.app"; sourceTree = BUILT_PRODUCTS_DIR; };
		0B03B8A62C811DB3005BE45F /* iOS_Backup_ExtractorApp.swift */ = {isa = PBXFileReference; lastKnownFileType = sourcecode.swift; path = iOS_Backup_ExtractorApp.swift; sourceTree = "<group>"; };
		0B03B8A82C811DB3005BE45F /* ContentView.swift */ = {isa = PBXFileReference; lastKnownFileType = sourcecode.swift; path = ContentView.swift; sourceTree = "<group>"; };
		0B03B8AA2C811DB5005BE45F /* Assets.xcassets */ = {isa = PBXFileReference; lastKnownFileType = folder.assetcatalog; path = Assets.xcassets; sourceTree = "<group>"; };
		0B03B8AD2C811DB5005BE45F /* Preview Assets.xcassets */ = {isa = PBXFileReference; lastKnownFileType = folder.assetcatalog; path = "Preview Assets.xcassets"; sourceTree = "<group>"; };
		0B03B8AF2C811DB5005BE45F /* iOS_Backup_Extractor.entitlements */ = {isa = PBXFileReference; lastKnownFileType = text.plist.entitlements; path = iOS_Backup_Extractor.entitlements; sourceTree = "<group>"; };
		0B03B8B42C811DB6005BE45F /* iOS Backup ExtractorTests.xctest */ = {isa = PBXFileReference; explicitFileType = wrapper.cfbundle; includeInIndex = 0; path = "iOS Backup ExtractorTests.xctest"; sourceTree = BUILT_PRODUCTS_DIR; };
		0B03B8B82C811DB6005BE45F /* iOS_Backup_ExtractorTests.swift */ = {isa = PBXFileReference; lastKnownFileType = sourcecode.swift; path = iOS_Backup_ExtractorTests.swift; sourceTree = "<group>"; };
		0B03B8BE2C811DB6005BE45F /* iOS Backup ExtractorUITests.xctest */ = {isa = PBXFileReference; explicitFileType = wrapper.cfbundle; includeInIndex = 0; path = "iOS Backup ExtractorUITests.xctest"; sourceTree = BUILT_PRODUCTS_DIR; };
		0B03B8C22C811DB6005BE45F /* iOS_Backup_ExtractorUITests.swift */ = {isa = PBXFileReference; lastKnownFileType = sourcecode.swift; path = iOS_Backup_ExtractorUITests.swift; sourceTree = "<group>"; };
		0B03B8C42C811DB6005BE45F /* iOS_Backup_ExtractorUITestsLaunchTests.swift */ = {isa = PBXFileReference; lastKnownFileType = sourcecode.swift; path = iOS_Backup_ExtractorUITestsLaunchTests.swift; sourceTree = "<group>"; };
/* End PBXFileReference section */

/* Begin PBXFrameworksBuildPhase section */
		0B03B8A02C811DB3005BE45F /* Frameworks */ = {
			isa = PBXFrameworksBuildPhase;
			buildActionMask = 2147483647;
			files = (
			);
			runOnlyForDeploymentPostprocessing = 0;
		};
		0B03B8B12C811DB6005BE45F /* Frameworks */ = {
			isa = PBXFrameworksBuildPhase;
			buildActionMask = 2147483647;
			files = (
			);
			runOnlyForDeploymentPostprocessing = 0;
		};
		0B03B8BB2C811DB6005BE45F /* Frameworks */ = {
			isa = PBXFrameworksBuildPhase;
			buildActionMask = 2147483647;
			files = (
			);
			runOnlyForDeploymentPostprocessing = 0;
		};
/* End PBXFrameworksBuildPhase section */

/* Begin PBXGroup section */
		0B03B89A2C811DB2005BE45F = {
			isa = PBXGroup;
			children = (
				0B03B8A52C811DB3005BE45F /* iOS Backup Extractor */,
				0B03B8B72C811DB6005BE45F /* iOS Backup ExtractorTests */,
				0B03B8C12C811DB6005BE45F /* iOS Backup ExtractorUITests */,
				0B03B8A42C811DB3005BE45F /* Products */,
			);
			sourceTree = "<group>";
		};
		0B03B8A42C811DB3005BE45F /* Products */ = {
			isa = PBXGroup;
			children = (
				0B03B8A32C811DB3005BE45F /* iOS Backup Extractor.app */,
				0B03B8B42C811DB6005BE45F /* iOS Backup ExtractorTests.xctest */,
				0B03B8BE2C811DB6005BE45F /* iOS Backup ExtractorUITests.xctest */,
			);
			name = Products;
			sourceTree = "<group>";
		};
		0B03B8A52C811DB3005BE45F /* iOS Backup Extractor */ = {
			isa = PBXGroup;
			children = (
				0B03B8A62C811DB3005BE45F /* iOS_Backup_ExtractorApp.swift */,
				0B03B8A82C811DB3005BE45F /* ContentView.swift */,
				0B03B8AA2C811DB5005BE45F /* Assets.xcassets */,
				0B03B8AF2C811DB5005BE45F /* iOS_Backup_Extractor.entitlements */,
				0B03B8AC2C811DB5005BE45F /* Preview Content */,
			);
			path = "iOS Backup Extractor";
			sourceTree = "<group>";
		};
		0B03B8AC2C811DB5005BE45F /* Preview Content */ = {
			isa = PBXGroup;
			children = (
				0B03B8AD2C811DB5005BE45F /* Preview Assets.xcassets */,
			);
			path = "Preview Content";
			sourceTree = "<group>";
		};
		0B03B8B72C811DB6005BE45F /* iOS Backup ExtractorTests */ = {
			isa = PBXGroup;
			children = (
				0B03B8B82C811DB6005BE45F /* iOS_Backup_ExtractorTests.swift */,
			);
			path = "iOS Backup ExtractorTests";
			sourceTree = "<group>";
		};
		0B03B8C12C811DB6005BE45F /* iOS Backup ExtractorUITests */ = {
			isa = PBXGroup;
			children = (
				0B03B8C22C811DB6005BE45F /* iOS_Backup_ExtractorUITests.swift */,
				0B03B8C42C811DB6005BE45F /* iOS_Backup_ExtractorUITestsLaunchTests.swift */,
			);
			path = "iOS Backup ExtractorUITests";
			sourceTree = "<group>";
		};
/* End PBXGroup section */

/* Begin PBXNativeTarget section */
		0B03B8A22C811DB3005BE45F /* iOS Backup Extractor */ = {
			isa = PBXNativeTarget;
			buildConfigurationList = 0B03B8C82C811DB6005BE45F /* Build configuration list for PBXNativeTarget "iOS Backup Extractor" */;
			buildPhases = (
				0B03B89F2C811DB3005BE45F /* Sources */,
				0B03B8A02C811DB3005BE45F /* Frameworks */,
				0B03B8A12C811DB3005BE45F /* Resources */,
			);
			buildRules = (
			);
			dependencies = (
			);
			name = "iOS Backup Extractor";
			productName = "iOS Backup Extractor";
			productReference = 0B03B8A32C811DB3005BE45F /* iOS Backup Extractor.app */;
			productType = "com.apple.product-type.application";
		};
		0B03B8B32C811DB6005BE45F /* iOS Backup ExtractorTests */ = {
			isa = PBXNativeTarget;
			buildConfigurationList = 0B03B8CB2C811DB6005BE45F /* Build configuration list for PBXNativeTarget "iOS Backup ExtractorTests" */;
			buildPhases = (
				0B03B8B02C811DB6005BE45F /* Sources */,
				0B03B8B12C811DB6005BE45F /* Frameworks */,
				0B03B8B22C811DB6005BE45F /* Resources */,
			);
			buildRules = (
			);
			dependencies = (
				0B03B8B62C811DB6005BE45F /* PBXTargetDependency */,
			);
			name = "iOS Backup ExtractorTests";
			productName = "iOS Backup ExtractorTests";
			productReference = 0B03B8B42C811DB6005BE45F /* iOS Backup ExtractorTests.xctest */;
			productType = "com.apple.product-type.bundle.unit-test";
		};
		0B03B8BD2C811DB6005BE45F /* iOS Backup ExtractorUITests */ = {
			isa = PBXNativeTarget;
			buildConfigurationList = 0B03B8CE2C811DB6005BE45F /* Build configuration list for PBXNativeTarget "iOS Backup ExtractorUITests" */;
			buildPhases = (
				0B03B8BA2C811DB6005BE45F /* Sources */,
				0B03B8BB2C811DB6005BE45F /* Frameworks */,
				0B03B8BC2C811DB6005BE45F /* Resources */,
			);
			buildRules = (
			);
			dependencies = (
				0B03B8C02C811DB6005BE45F /* PBXTargetDependency */,
			);
			name = "iOS Backup ExtractorUITests";
			productName = "iOS Backup ExtractorUITests";
			productReference = 0B03B8BE2C811DB6005BE45F /* iOS Backup ExtractorUITests.xctest */;
			productType = "com.apple.product-type.bundle.ui-testing";
		};
/* End PBXNativeTarget section */

/* Begin PBXProject section */
		0B03B89B2C811DB2005BE45F /* Project object */ = {
			isa = PBXProject;
			attributes = {
				BuildIndependentTargetsInParallel = 1;
				LastSwiftUpdateCheck = 1540;
				LastUpgradeCheck = 1540;
				TargetAttributes = {
					0B03B8A22C811DB3005BE45F = {
						CreatedOnToolsVersion = 15.4;
					};
					0B03B8B32C811DB6005BE45F = {
						CreatedOnToolsVersion = 15.4;
						TestTargetID = 0B03B8A22C811DB3005BE45F;
					};
					0B03B8BD2C811DB6005BE45F = {
						CreatedOnToolsVersion = 15.4;
						TestTargetID = 0B03B8A22C811DB3005BE45F;
					};
				};
			};
			buildConfigurationList = 0B03B89E2C811DB2005BE45F /* Build configuration list for PBXProject "iOS Backup Extractor" */;
			compatibilityVersion = "Xcode 14.0";
			developmentRegion = en;
			hasScannedForEncodings = 0;
			knownRegions = (
				en,
				Base,
			);
			mainGroup = 0B03B89A2C811DB2005BE45F;
			productRefGroup = 0B03B8A42C811DB3005BE45F /* Products */;
			projectDirPath = "";
			projectRoot = "";
			targets = (
				0B03B8A22C811DB3005BE45F /* iOS Backup Extractor */,
				0B03B8B32C811DB6005BE45F /* iOS Backup ExtractorTests */,
				0B03B8BD2C811DB6005BE45F /* iOS Backup ExtractorUITests */,
			);
		};
/* End PBXProject section */

/* Begin PBXResourcesBuildPhase section */
		0B03B8A12C811DB3005BE45F /* Resources */ = {
			isa = PBXResourcesBuildPhase;
			buildActionMask = 2147483647;
			files = (
				0B03B8AE2C811DB5005BE45F /* Preview Assets.xcassets in Resources */,
				0B03B8AB2C811DB5005BE45F /* Assets.xcassets in Resources */,
			);
			runOnlyForDeploymentPostprocessing = 0;
		};
		0B03B8B22C811DB6005BE45F /* Resources */ = {
			isa = PBXResourcesBuildPhase;
			buildActionMask = 2147483647;
			files = (
			);
			runOnlyForDeploymentPostprocessing = 0;
		};
		0B03B8BC2C811DB6005BE45F /* Resources */ = {
			isa = PBXResourcesBuildPhase;
			buildActionMask = 2147483647;
			files = (
			);
			runOnlyForDeploymentPostprocessing = 0;
		};
/* End PBXResourcesBuildPhase section */

/* Begin PBXSourcesBuildPhase section */
		0B03B89F2C811DB3005BE45F /* Sources */ = {
			isa = PBXSourcesBuildPhase;
			buildActionMask = 2147483647;
			files = (
				0B03B8A92C811DB3005BE45F /* ContentView.swift in Sources */,
				0B03B8A72C811DB3005BE45F /* iOS_Backup_ExtractorApp.swift in Sources */,
			);
			runOnlyForDeploymentPostprocessing = 0;
		};
		0B03B8B02C811DB6005BE45F /* Sources */ = {
			isa = PBXSourcesBuildPhase;
			buildActionMask = 2147483647;
			files = (
				0B03B8B92C811DB6005BE45F /* iOS_Backup_ExtractorTests.swift in Sources */,
			);
			runOnlyForDeploymentPostprocessing = 0;
		};
		0B03B8BA2C811DB6005BE45F /* Sources */ = {
			isa = PBXSourcesBuildPhase;
			buildActionMask = 2147483647;
			files = (
				0B03B8C32C811DB6005BE45F /* iOS_Backup_ExtractorUITests.swift in Sources */,
				0B03B8C52C811DB6005BE45F /* iOS_Backup_ExtractorUITestsLaunchTests.swift in Sources */,
			);
			runOnlyForDeploymentPostprocessing = 0;
		};
/* End PBXSourcesBuildPhase section */

/* Begin PBXTargetDependency section */
		0B03B8B62C811DB6005BE45F /* PBXTargetDependency */ = {
			isa = PBXTargetDependency;
			target = 0B03B8A22C811DB3005BE45F /* iOS Backup Extractor */;
			targetProxy = 0B03B8B52C811DB6005BE45F /* PBXContainerItemProxy */;
		};
		0B03B8C02C811DB6005BE45F /* PBXTargetDependency */ = {
			isa = PBXTargetDependency;
			target = 0B03B8A22C811DB3005BE45F /* iOS Backup Extractor */;
			targetProxy = 0B03B8BF2C811DB6005BE45F /* PBXContainerItemProxy */;
		};
/* End PBXTargetDependency section */

/* Begin XCBuildConfiguration section */
		0B03B8C62C811DB6005BE45F /* Debug */ = {
			isa = XCBuildConfiguration;
			buildSettings = {
				ALWAYS_SEARCH_USER_PATHS = NO;
				ASSETCATALOG_COMPILER_GENERATE_SWIFT_ASSET_SYMBOL_EXTENSIONS = YES;
				CLANG_ANALYZER_NONNULL = YES;
				CLANG_ANALYZER_NUMBER_OBJECT_CONVERSION = YES_AGGRESSIVE;
				CLANG_CXX_LANGUAGE_STANDARD = "gnu++20";
				CLANG_ENABLE_MODULES = YES;
				CLANG_ENABLE_OBJC_ARC = YES;
				CLANG_ENABLE_OBJC_WEAK = YES;
				CLANG_WARN_BLOCK_CAPTURE_AUTORELEASING = YES;
				CLANG_WARN_BOOL_CONVERSION = YES;
				CLANG_WARN_COMMA = YES;
				CLANG_WARN_CONSTANT_CONVERSION = YES;
				CLANG_WARN_DEPRECATED_OBJC_IMPLEMENTATIONS = YES;
				CLANG_WARN_DIRECT_OBJC_ISA_USAGE = YES_ERROR;
				CLANG_WARN_DOCUMENTATION_COMMENTS = YES;
				CLANG_WARN_EMPTY_BODY = YES;
				CLANG_WARN_ENUM_CONVERSION = YES;
				CLANG_WARN_INFINITE_RECURSION = YES;
				CLANG_WARN_INT_CONVERSION = YES;
				CLANG_WARN_NON_LITERAL_NULL_CONVERSION = YES;
				CLANG_WARN_OBJC_IMPLICIT_RETAIN_SELF = YES;
				CLANG_WARN_OBJC_LITERAL_CONVERSION = YES;
				CLANG_WARN_OBJC_ROOT_CLASS = YES_ERROR;
				CLANG_WARN_QUOTED_INCLUDE_IN_FRAMEWORK_HEADER = YES;
				CLANG_WARN_RANGE_LOOP_ANALYSIS = YES;
				CLANG_WARN_STRICT_PROTOTYPES = YES;
				CLANG_WARN_SUSPICIOUS_MOVE = YES;
				CLANG_WARN_UNGUARDED_AVAILABILITY = YES_AGGRESSIVE;
				CLANG_WARN_UNREACHABLE_CODE = YES;
				CLANG_WARN__DUPLICATE_METHOD_MATCH = YES;
				COPY_PHASE_STRIP = NO;
				DEBUG_INFORMATION_FORMAT = dwarf;
				ENABLE_STRICT_OBJC_MSGSEND = YES;
				ENABLE_TESTABILITY = YES;
				ENABLE_USER_SCRIPT_SANDBOXING = YES;
				GCC_C_LANGUAGE_STANDARD = gnu17;
				GCC_DYNAMIC_NO_PIC = NO;
				GCC_NO_COMMON_BLOCKS = YES;
				GCC_OPTIMIZATION_LEVEL = 0;
				GCC_PREPROCESSOR_DEFINITIONS = (
					"DEBUG=1",
					"$(inherited)",
				);
				GCC_WARN_64_TO_32_BIT_CONVERSION = YES;
				GCC_WARN_ABOUT_RETURN_TYPE = YES_ERROR;
				GCC_WARN_UNDECLARED_SELECTOR = YES;
				GCC_WARN_UNINITIALIZED_AUTOS = YES_AGGRESSIVE;
				GCC_WARN_UNUSED_FUNCTION = YES;
				GCC_WARN_UNUSED_VARIABLE = YES;
				LOCALIZATION_PREFERS_STRING_CATALOGS = YES;
				MACOSX_DEPLOYMENT_TARGET = 14.2;
				MTL_ENABLE_DEBUG_INFO = INCLUDE_SOURCE;
				MTL_FAST_MATH = YES;
				ONLY_ACTIVE_ARCH = YES;
				SDKROOT = macosx;
				SWIFT_ACTIVE_COMPILATION_CONDITIONS = "DEBUG $(inherited)";
				SWIFT_OPTIMIZATION_LEVEL = "-Onone";
			};
			name = Debug;
		};
		0B03B8C72C811DB6005BE45F /* Release */ = {
			isa = XCBuildConfiguration;
			buildSettings = {
				ALWAYS_SEARCH_USER_PATHS = NO;
				ASSETCATALOG_COMPILER_GENERATE_SWIFT_ASSET_SYMBOL_EXTENSIONS = YES;
				CLANG_ANALYZER_NONNULL = YES;
				CLANG_ANALYZER_NUMBER_OBJECT_CONVERSION = YES_AGGRESSIVE;
				CLANG_CXX_LANGUAGE_STANDARD = "gnu++20";
				CLANG_ENABLE_MODULES = YES;
				CLANG_ENABLE_OBJC_ARC = YES;
				CLANG_ENABLE_OBJC_WEAK = YES;
				CLANG_WARN_BLOCK_CAPTURE_AUTORELEASING = YES;
				CLANG_WARN_BOOL_CONVERSION = YES;
				CLANG_WARN_COMMA = YES;
				CLANG_WARN_CONSTANT_CONVERSION = YES;
				CLANG_WARN_DEPRECATED_OBJC_IMPLEMENTATIONS = YES;
				CLANG_WARN_DIRECT_OBJC_ISA_USAGE = YES_ERROR;
				CLANG_WARN_DOCUMENTATION_COMMENTS = YES;
				CLANG_WARN_EMPTY_BODY = YES;
				CLANG_WARN_ENUM_CONVERSION = YES;
				CLANG_WARN_INFINITE_RECURSION = YES;
				CLANG_WARN_INT_CONVERSION = YES;
				CLANG_WARN_NON_LITERAL_NULL_CONVERSION = YES;
				CLANG_WARN_OBJC_IMPLICIT_RETAIN_SELF = YES;
				CLANG_WARN_OBJC_LITERAL_CONVERSION = YES;
				CLANG_WARN_OBJC_ROOT_CLASS = YES_ERROR;
				CLANG_WARN_QUOTED_INCLUDE_IN_FRAMEWORK_HEADER = YES;
				CLANG_WARN_RANGE_LOOP_ANALYSIS = YES;
				CLANG_WARN_STRICT_PROTOTYPES = YES;
				CLANG_WARN_SUSPICIOUS_MOVE = YES;
				CLANG_WARN_UNGUARDED_AVAILABILITY = YES_AGGRESSIVE;
				CLANG_WARN_UNREACHABLE_CODE = YES;
				CLANG_WARN__DUPLICATE_METHOD_MATCH = YES;
				COPY_PHASE_STRIP = NO;
				DEBUG_INFORMATION_FORMAT = "dwarf-with-dsym";
				ENABLE_NS_ASSERTIONS = NO;
				ENABLE_STRICT_OBJC_MSGSEND = YES;
				ENABLE_USER_SCRIPT_SANDBOXING = YES;
				GCC_C_LANGUAGE_STANDARD = gnu17;
				GCC_NO_COMMON_BLOCKS = YES;
				GCC_WARN_64_TO_32_BIT_CONVERSION = YES;
				GCC_WARN_ABOUT_RETURN_TYPE = YES_ERROR;
				GCC_WARN_UNDECLARED_SELECTOR = YES;
				GCC_WARN_UNINITIALIZED_AUTOS = YES_AGGRESSIVE;
				GCC_WARN_UNUSED_FUNCTION = YES;
				GCC_WARN_UNUSED_VARIABLE = YES;
				LOCALIZATION_PREFERS_STRING_CATALOGS = YES;
				MACOSX_DEPLOYMENT_TARGET = 14.2;
				MTL_ENABLE_DEBUG_INFO = NO;
				MTL_FAST_MATH = YES;
				SDKROOT = macosx;
				SWIFT_COMPILATION_MODE = wholemodule;
			};
			name = Release;
		};
		0B03B8C92C811DB6005BE45F /* Debug */ = {
			isa = XCBuildConfiguration;
			buildSettings = {
				ASSETCATALOG_COMPILER_APPICON_NAME = AppIcon;
				ASSETCATALOG_COMPILER_GLOBAL_ACCENT_COLOR_NAME = AccentColor;
				CODE_SIGN_ENTITLEMENTS = "iOS Backup Extractor/iOS_Backup_Extractor.entitlements";
				CODE_SIGN_STYLE = Automatic;
				COMBINE_HIDPI_IMAGES = YES;
				CURRENT_PROJECT_VERSION = 1;
				DEVELOPMENT_ASSET_PATHS = "\"iOS Backup Extractor/Preview Content\"";
				DEVELOPMENT_TEAM = S764VPCDX8;
				ENABLE_HARDENED_RUNTIME = YES;
				ENABLE_PREVIEWS = YES;
				GENERATE_INFOPLIST_FILE = YES;
				INFOPLIST_KEY_NSHumanReadableCopyright = "";
				LD_RUNPATH_SEARCH_PATHS = (
					"$(inherited)",
					"@executable_path/../Frameworks",
				);
				MARKETING_VERSION = 1.0;
				PRODUCT_BUNDLE_IDENTIFIER = "vholub.iOS-Backup-Extractor";
				PRODUCT_NAME = "$(TARGET_NAME)";
				SWIFT_EMIT_LOC_STRINGS = YES;
				SWIFT_VERSION = 5.0;
			};
			name = Debug;
		};
		0B03B8CA2C811DB6005BE45F /* Release */ = {
			isa = XCBuildConfiguration;
			buildSettings = {
				ASSETCATALOG_COMPILER_APPICON_NAME = AppIcon;
				ASSETCATALOG_COMPILER_GLOBAL_ACCENT_COLOR_NAME = AccentColor;
				CODE_SIGN_ENTITLEMENTS = "iOS Backup Extractor/iOS_Backup_Extractor.entitlements";
				CODE_SIGN_STYLE = Automatic;
				COMBINE_HIDPI_IMAGES = YES;
				CURRENT_PROJECT_VERSION = 1;
				DEVELOPMENT_ASSET_PATHS = "\"iOS Backup Extractor/Preview Content\"";
				DEVELOPMENT_TEAM = S764VPCDX8;
				ENABLE_HARDENED_RUNTIME = YES;
				ENABLE_PREVIEWS = YES;
				GENERATE_INFOPLIST_FILE = YES;
				INFOPLIST_KEY_NSHumanReadableCopyright = "";
				LD_RUNPATH_SEARCH_PATHS = (
					"$(inherited)",
					"@executable_path/../Frameworks",
				);
				MARKETING_VERSION = 1.0;
				PRODUCT_BUNDLE_IDENTIFIER = "vholub.iOS-Backup-Extractor";
				PRODUCT_NAME = "$(TARGET_NAME)";
				SWIFT_EMIT_LOC_STRINGS = YES;
				SWIFT_VERSION = 5.0;
			};
			name = Release;
		};
		0B03B8CC2C811DB6005BE45F /* Debug */ = {
			isa = XCBuildConfiguration;
			buildSettings = {
				ALWAYS_EMBED_SWIFT_STANDARD_LIBRARIES = YES;
				BUNDLE_LOADER = "$(TEST_HOST)";
				CODE_SIGN_STYLE = Automatic;
				CURRENT_PROJECT_VERSION = 1;
				DEVELOPMENT_TEAM = S764VPCDX8;
				GENERATE_INFOPLIST_FILE = YES;
				MACOSX_DEPLOYMENT_TARGET = 14.2;
				MARKETING_VERSION = 1.0;
				PRODUCT_BUNDLE_IDENTIFIER = "vholub.iOS-Backup-ExtractorTests";
				PRODUCT_NAME = "$(TARGET_NAME)";
				SWIFT_EMIT_LOC_STRINGS = NO;
				SWIFT_VERSION = 5.0;
				TEST_HOST = "$(BUILT_PRODUCTS_DIR)/iOS Backup Extractor.app/$(BUNDLE_EXECUTABLE_FOLDER_PATH)/iOS Backup Extractor";
			};
			name = Debug;
		};
		0B03B8CD2C811DB6005BE45F /* Release */ = {
			isa = XCBuildConfiguration;
			buildSettings = {
				ALWAYS_EMBED_SWIFT_STANDARD_LIBRARIES = YES;
				BUNDLE_LOADER = "$(TEST_HOST)";
				CODE_SIGN_STYLE = Automatic;
				CURRENT_PROJECT_VERSION = 1;
				DEVELOPMENT_TEAM = S764VPCDX8;
				GENERATE_INFOPLIST_FILE = YES;
				MACOSX_DEPLOYMENT_TARGET = 14.2;
				MARKETING_VERSION = 1.0;
				PRODUCT_BUNDLE_IDENTIFIER = "vholub.iOS-Backup-ExtractorTests";
				PRODUCT_NAME = "$(TARGET_NAME)";
				SWIFT_EMIT_LOC_STRINGS = NO;
				SWIFT_VERSION = 5.0;
				TEST_HOST = "$(BUILT_PRODUCTS_DIR)/iOS Backup Extractor.app/$(BUNDLE_EXECUTABLE_FOLDER_PATH)/iOS Backup Extractor";
			};
			name = Release;
		};
		0B03B8CF2C811DB6005BE45F /* Debug */ = {
			isa = XCBuildConfiguration;
			buildSettings = {
				ALWAYS_EMBED_SWIFT_STANDARD_LIBRARIES = YES;
				CODE_SIGN_STYLE = Automatic;
				CURRENT_PROJECT_VERSION = 1;
				DEVELOPMENT_TEAM = S764VPCDX8;
				GENERATE_INFOPLIST_FILE = YES;
				MARKETING_VERSION = 1.0;
				PRODUCT_BUNDLE_IDENTIFIER = "vholub.iOS-Backup-ExtractorUITests";
				PRODUCT_NAME = "$(TARGET_NAME)";
				SWIFT_EMIT_LOC_STRINGS = NO;
				SWIFT_VERSION = 5.0;
				TEST_TARGET_NAME = "iOS Backup Extractor";
			};
			name = Debug;
		};
		0B03B8D02C811DB6005BE45F /* Release */ = {
			isa = XCBuildConfiguration;
			buildSettings = {
				ALWAYS_EMBED_SWIFT_STANDARD_LIBRARIES = YES;
				CODE_SIGN_STYLE = Automatic;
				CURRENT_PROJECT_VERSION = 1;
				DEVELOPMENT_TEAM = S764VPCDX8;
				GENERATE_INFOPLIST_FILE = YES;
				MARKETING_VERSION = 1.0;
				PRODUCT_BUNDLE_IDENTIFIER = "vholub.iOS-Backup-ExtractorUITests";
				PRODUCT_NAME = "$(TARGET_NAME)";
				SWIFT_EMIT_LOC_STRINGS = NO;
				SWIFT_VERSION = 5.0;
				TEST_TARGET_NAME = "iOS Backup Extractor";
			};
			name = Release;
		};
/* End XCBuildConfiguration section */

/* Begin XCConfigurationList section */
		0B03B89E2C811DB2005BE45F /* Build configuration list for PBXProject "iOS Backup Extractor" */ = {
			isa = XCConfigurationList;
			buildConfigurations = (
				0B03B8C62C811DB6005BE45F /* Debug */,
				0B03B8C72C811DB6005BE45F /* Release */,
			);
			defaultConfigurationIsVisible = 0;
			defaultConfigurationName = Release;
		};
		0B03B8C82C811DB6005BE45F /* Build configuration list for PBXNativeTarget "iOS Backup Extractor" */ = {
			isa = XCConfigurationList;
			buildConfigurations = (
				0B03B8C92C811DB6005BE45F /* Debug */,
				0B03B8CA2C811DB6005BE45F /* Release */,
			);
			defaultConfigurationIsVisible = 0;
			defaultConfigurationName = Release;
		};
		0B03B8CB2C811DB6005BE45F /* Build configuration list for PBXNativeTarget "iOS Backup ExtractorTests" */ = {
			isa = XCConfigurationList;
			buildConfigurations = (
				0B03B8CC2C811DB6005BE45F /* Debug */,
				0B03B8CD2C811DB6005BE45F /* Release */,
			);
			defaultConfigurationIsVisible = 0;
			defaultConfigurationName = Release;
		};
		0B03B8CE2C811DB6005BE45F /* Build configuration list for PBXNativeTarget "iOS Backup ExtractorUITests" */ = {
			isa = XCConfigurationList;
			buildConfigurations = (
				0B03B8CF2C811DB6005BE45F /* Debug */,
				0B03B8D02C811DB6005BE45F /* Release */,
			);
			defaultConfigurationIsVisible = 0;
			defaultConfigurationName = Release;
		};
/* End XCConfigurationList section */
	};
	rootObject = 0B03B89B2C811DB2005BE45F /* Project object */;
}
